
Microsoft Visual Studio Solution File, Format Version 12.00
# Visual Studio Version 16
VisualStudioVersion = 16.0.31205.134
MinimumVisualStudioVersion = 10.0.40219.1
Project("{FAE04EC0-301F-11D3-BF4B-00C04F79EFBC}") = "KataGameOfLife", "KataGameOfLife.csproj", "{5F63D527-D478-41B2-9D62-3BA7AA8B16D9}"
EndProject
Project("{FAE04EC0-301F-11D3-BF4B-00C04F79EFBC}") = "KataGameOFLifeTest", "KataGameOFLifeTest\KataGameOFLifeTest.csproj", "{87FA21E6-F046-47C3-BB1E-29F8DC4A770E}"
EndProject
Global
	GlobalSection(SolutionConfigurationPlatforms) = preSolution
		Debug|Any CPU = Debug|Any CPU
		Release|Any CPU = Release|Any CPU
	EndGlobalSection
	GlobalSection(ProjectConfigurationPlatforms) = postSolution
		{5F63D527-D478-41B2-9D62-3BA7AA8B16D9}.Debug|Any CPU.ActiveCfg = Debug|Any CPU
		{5F63D527-D478-41B2-9D62-3BA7AA8B16D9}.Debug|Any CPU.Build.0 = Debug|Any CPU
		{5F63D527-D478-41B2-9D62-3BA7AA8B16D9}.Release|Any CPU.ActiveCfg = Release|Any CPU
		{5F63D527-D478-41B2-9D62-3BA7AA8B16D9}.Release|Any CPU.Build.0 = Release|Any CPU
		{87FA21E6-F046-47C3-BB1E-29F8DC4A770E}.Debug|Any CPU.ActiveCfg = Debug|Any CPU
		{87FA21E6-F046-47C3-BB1E-29F8DC4A770E}.Debug|Any CPU.Build.0 = Debug|Any CPU
		{87FA21E6-F046-47C3-BB1E-29F8DC4A770E}.Release|Any CPU.ActiveCfg = Release|Any CPU
		{87FA21E6-F046-47C3-BB1E-29F8DC4A770E}.Release|Any CPU.Build.0 = Release|Any CPU
	EndGlobalSection
	GlobalSection(SolutionProperties) = preSolution
		HideSolutionNode = FALSE
	EndGlobalSection
	GlobalSection(ExtensibilityGlobals) = postSolution
		SolutionGuid = {8002534B-A991-4A76-8ACE-2CAD736BB6AD}
	EndGlobalSection
EndGlobal
